
Microsoft Visual Studio Solution File, Format Version 12.00
# Visual Studio Version 16
VisualStudioVersion = 16.0.28922.388
MinimumVisualStudioVersion = 10.0.40219.1
Project("{888888A0-9F3D-457C-B088-3A5042F75D52}") = "CED_SRU_WebEditor", "CED_SRU_WebEditor.pyproj", "{5091F788-F65C-4CD6-85BB-F9E1F43DA0BC}"
EndProject
Global
	GlobalSection(SolutionConfigurationPlatforms) = preSolution
		Debug|Any CPU = Debug|Any CPU
		Release|Any CPU = Release|Any CPU
	EndGlobalSection
	GlobalSection(ProjectConfigurationPlatforms) = postSolution
		{5091F788-F65C-4CD6-85BB-F9E1F43DA0BC}.Debug|Any CPU.ActiveCfg = Debug|Any CPU
		{5091F788-F65C-4CD6-85BB-F9E1F43DA0BC}.Debug|Any CPU.Build.0 = Debug|Any CPU
		{5091F788-F65C-4CD6-85BB-F9E1F43DA0BC}.Release|Any CPU.ActiveCfg = Release|Any CPU
		{5091F788-F65C-4CD6-85BB-F9E1F43DA0BC}.Release|Any CPU.Build.0 = Release|Any CPU
	EndGlobalSection
	GlobalSection(SolutionProperties) = preSolution
		HideSolutionNode = FALSE
	EndGlobalSection
	GlobalSection(ExtensibilityGlobals) = postSolution
		SolutionGuid = {DE5027C0-9855-4021-985E-3B4EF1B5E91E}
	EndGlobalSection
EndGlobal
