
Microsoft Visual Studio Solution File, Format Version 12.00
# Visual Studio Version 16
VisualStudioVersion = 16.0.28922.388
MinimumVisualStudioVersion = 10.0.40219.1
Project("{E24C65DC-7377-472B-9ABA-BC803B73C61A}") = "NatureScape", ".", "{6FDD53ED-5E36-41AB-A010-B5848511D355}"
	ProjectSection(WebsiteProperties) = preProject
		TargetFrameworkMoniker = ".NETFramework,Version%3Dv4.0"
		Debug.AspNetCompiler.VirtualPath = "/localhost_51327"
		Debug.AspNetCompiler.PhysicalPath = "..\..\..\..\..\Apps_Programming\Website\NatureScape\"
		Debug.AspNetCompiler.TargetPath = "PrecompiledWeb\localhost_51327\"
		Debug.AspNetCompiler.Updateable = "true"
		Debug.AspNetCompiler.ForceOverwrite = "true"
		Debug.AspNetCompiler.FixedNames = "false"
		Debug.AspNetCompiler.Debug = "True"
		Release.AspNetCompiler.VirtualPath = "/localhost_51327"
		Release.AspNetCompiler.PhysicalPath = "..\..\..\..\..\Apps_Programming\Website\NatureScape\"
		Release.AspNetCompiler.TargetPath = "PrecompiledWeb\localhost_51327\"
		Release.AspNetCompiler.Updateable = "true"
		Release.AspNetCompiler.ForceOverwrite = "true"
		Release.AspNetCompiler.FixedNames = "false"
		Release.AspNetCompiler.Debug = "False"
		VWDPort = "51327"
	EndProjectSection
EndProject
Global
	GlobalSection(SolutionConfigurationPlatforms) = preSolution
		Debug|Any CPU = Debug|Any CPU
	EndGlobalSection
	GlobalSection(ProjectConfigurationPlatforms) = postSolution
		{6FDD53ED-5E36-41AB-A010-B5848511D355}.Debug|Any CPU.ActiveCfg = Debug|Any CPU
		{6FDD53ED-5E36-41AB-A010-B5848511D355}.Debug|Any CPU.Build.0 = Debug|Any CPU
	EndGlobalSection
	GlobalSection(SolutionProperties) = preSolution
		HideSolutionNode = FALSE
	EndGlobalSection
	GlobalSection(ExtensibilityGlobals) = postSolution
		SolutionGuid = {5CB56999-BA99-4FE7-82C9-38C1B736FD24}
	EndGlobalSection
EndGlobal
